{
  "name": "debug-server-setup-mcp",
  "version": "1.0.0",
  "lockfileVersion": 3,
  "requires": true,
  "packages": {
    "": {
      "name": "debug-server-setup-mcp",
      "version": "1.0.0",
      "license": "MIT",
      "dependencies": {
        "@modelcontextprotocol/sdk": "^0.4.0"
      },
      "bin": {
        "debug-server-setup": "setup-debug-server.js"
      },
      "devDependencies": {
        "@types/node": "^20.0.0",
        "typescript": "^5.0.0"
      }
    },
    "node_modules/@modelcontextprotocol/sdk": {
      "version": "0.4.0",
      "resolved": "https://pkgs.dev.azure.com/msasg/_packaging/BingAdsWebUISharedComponents/npm/registry/@modelcontextprotocol/sdk/-/sdk-0.4.0.tgz",
      "integrity": "sha1-IrtKl9TSiqESZAG7zAJvq0vuQNk=",
      "license": "MIT",
      "dependencies": {
        "content-type": "^1.0.5",
        "raw-body": "^3.0.0",
        "zod": "^3.23.8"
      }
    },
    "node_modules/@types/node": {
      "version": "20.19.1",
      "resolved": "https://pkgs.dev.azure.com/msasg/_packaging/BingAdsWebUISharedComponents/npm/registry/@types/node/-/node-20.19.1.tgz",
      "integrity": "sha1-zvi8BKquhoJLW74lcHaTWFkrzFk=",
      "dev": true,
      "license": "MIT",
      "dependencies": {
        "undici-types": "~6.21.0"
      }
    },
    "node_modules/bytes": {
      "version": "3.1.2",
      "resolved": "https://pkgs.dev.azure.com/msasg/_packaging/BingAdsWebUISharedComponents/npm/registry/bytes/-/bytes-3.1.2.tgz",
      "integrity": "sha1-iwvuuYYFrfGxKPpDhkA8AJ4CIaU=",
      "license": "MIT",
      "engines": {
        "node": ">= 0.8"
      }
    },
    "node_modules/content-type": {
      "version": "1.0.5",
      "resolved": "https://pkgs.dev.azure.com/msasg/_packaging/BingAdsWebUISharedComponents/npm/registry/content-type/-/content-type-1.0.5.tgz",
      "integrity": "sha1-i3cxYmVtHRCGeEyPI6VM5tc9eRg=",
      "license": "MIT",
      "engines": {
        "node": ">= 0.6"
      }
    },
    "node_modules/depd": {
      "version": "2.0.0",
      "resolved": "https://pkgs.dev.azure.com/msasg/_packaging/BingAdsWebUISharedComponents/npm/registry/depd/-/depd-2.0.0.tgz",
      "integrity": "sha1-tpYWPMdXVg0JzyLMj60Vcbeedt8=",
      "license": "MIT",
      "engines": {
        "node": ">= 0.8"
      }
    },
    "node_modules/http-errors": {
      "version": "2.0.0",
      "resolved": "https://pkgs.dev.azure.com/msasg/_packaging/BingAdsWebUISharedComponents/npm/registry/http-errors/-/http-errors-2.0.0.tgz",
      "integrity": "sha1-t3dKFIbvc892Z6ya4IWMASxXudM=",
      "license": "MIT",
      "dependencies": {
        "depd": "2.0.0",
        "inherits": "2.0.4",
        "setprototypeof": "1.2.0",
        "statuses": "2.0.1",
        "toidentifier": "1.0.1"
      },
      "engines": {
        "node": ">= 0.8"
      }
    },
    "node_modules/iconv-lite": {
      "version": "0.6.3",
      "resolved": "https://pkgs.dev.azure.com/msasg/_packaging/BingAdsWebUISharedComponents/npm/registry/iconv-lite/-/iconv-lite-0.6.3.tgz",
      "integrity": "sha1-pS+AvzjaGVLrXGgXkHGYcaGnJQE=",
      "license": "MIT",
      "dependencies": {
        "safer-buffer": ">= 2.1.2 < 3.0.0"
      },
      "engines": {
        "node": ">=0.10.0"
      }
    },
    "node_modules/inherits": {
      "version": "2.0.4",
      "resolved": "https://pkgs.dev.azure.com/msasg/_packaging/BingAdsWebUISharedComponents/npm/registry/inherits/-/inherits-2.0.4.tgz",
      "integrity": "sha1-D6LGT5MpF8NDOg3tVTY6rjdBa3w=",
      "license": "ISC"
    },
    "node_modules/raw-body": {
      "version": "3.0.0",
      "resolved": "https://pkgs.dev.azure.com/msasg/_packaging/BingAdsWebUISharedComponents/npm/registry/raw-body/-/raw-body-3.0.0.tgz",
      "integrity": "sha1-JbNHbwelFgBhna4/6C3cKKNuXg8=",
      "license": "MIT",
      "dependencies": {
        "bytes": "3.1.2",
        "http-errors": "2.0.0",
        "iconv-lite": "0.6.3",
        "unpipe": "1.0.0"
      },
      "engines": {
        "node": ">= 0.8"
      }
    },
    "node_modules/safer-buffer": {
      "version": "2.1.2",
      "resolved": "https://pkgs.dev.azure.com/msasg/_packaging/BingAdsWebUISharedComponents/npm/registry/safer-buffer/-/safer-buffer-2.1.2.tgz",
      "integrity": "sha1-RPoWGwGHuVSd2Eu5GAL5vYOFzWo=",
      "license": "MIT"
    },
    "node_modules/setprototypeof": {
      "version": "1.2.0",
      "resolved": "https://pkgs.dev.azure.com/msasg/_packaging/BingAdsWebUISharedComponents/npm/registry/setprototypeof/-/setprototypeof-1.2.0.tgz",
      "integrity": "sha1-ZsmiSnP5/CjL5msJ/tPTPcrxtCQ=",
      "license": "ISC"
    },
    "node_modules/statuses": {
      "version": "2.0.1",
      "resolved": "https://pkgs.dev.azure.com/msasg/_packaging/BingAdsWebUISharedComponents/npm/registry/statuses/-/statuses-2.0.1.tgz",
      "integrity": "sha1-VcsADM8dSHKL0jxoWgY5mM8aG2M=",
      "license": "MIT",
      "engines": {
        "node": ">= 0.8"
      }
    },
    "node_modules/toidentifier": {
      "version": "1.0.1",
      "resolved": "https://pkgs.dev.azure.com/msasg/_packaging/BingAdsWebUISharedComponents/npm/registry/toidentifier/-/toidentifier-1.0.1.tgz",
      "integrity": "sha1-O+NDIaiKgg7RvYDfqjPkefu43TU=",
      "license": "MIT",
      "engines": {
        "node": ">=0.6"
      }
    },
    "node_modules/typescript": {
      "version": "5.8.3",
      "resolved": "https://pkgs.dev.azure.com/msasg/_packaging/BingAdsWebUISharedComponents/npm/registry/typescript/-/typescript-5.8.3.tgz",
      "integrity": "sha1-kvij5ePPSXNW9BeMNM1lp/XoRA4=",
      "dev": true,
      "license": "Apache-2.0",
      "bin": {
        "tsc": "bin/tsc",
        "tsserver": "bin/tsserver"
      },
      "engines": {
        "node": ">=14.17"
      }
    },
    "node_modules/undici-types": {
      "version": "6.21.0",
      "resolved": "https://pkgs.dev.azure.com/msasg/_packaging/BingAdsWebUISharedComponents/npm/registry/undici-types/-/undici-types-6.21.0.tgz",
      "integrity": "sha1-aR0ArzkJvpOn+qE75hs6W1DvEss=",
      "dev": true,
      "license": "MIT"
    },
    "node_modules/unpipe": {
      "version": "1.0.0",
      "resolved": "https://pkgs.dev.azure.com/msasg/_packaging/BingAdsWebUISharedComponents/npm/registry/unpipe/-/unpipe-1.0.0.tgz",
      "integrity": "sha1-sr9O6FFKrmFltIF4KdIbLvSZBOw=",
      "license": "MIT",
      "engines": {
        "node": ">= 0.8"
      }
    },
    "node_modules/zod": {
      "version": "3.25.67",
      "resolved": "https://pkgs.dev.azure.com/msasg/_packaging/BingAdsWebUISharedComponents/npm/registry/zod/-/zod-3.25.67.tgz",
      "integrity": "sha1-Yph+QHjiqw9jtJHvDE8z3yQjbag=",
      "license": "MIT",
      "funding": {
        "url": "https://github.com/sponsors/colinhacks"
      }
    }
  }
}
